
Microsoft Visual Studio Solution File, Format Version 12.00
# Visual Studio Version 17
VisualStudioVersion = 17.14.36221.1
MinimumVisualStudioVersion = 10.0.40219.1
Project("{FAE04EC0-301F-11D3-BF4B-00C04F79EFBC}") = "Biblioteca.Domain.Model", "Biblioteca.Domain.Model\Biblioteca.Domain.Model.csproj", "{41770127-FB6B-4B09-94FD-6FC8DD5BD092}"
EndProject
Project("{FAE04EC0-301F-11D3-BF4B-00C04F79EFBC}") = "Biblioteca.Data", "Biblioteca.Data\Biblioteca.Data.csproj", "{DE59218B-2FA3-458D-AE09-AE1BA8C66089}"
EndProject
Project("{FAE04EC0-301F-11D3-BF4B-00C04F79EFBC}") = "Biblioteca.Domain.Services", "Biblioteca.Domain.Services\Biblioteca.Domain.Services.csproj", "{61B57C35-985A-4520-92EB-83A4B211CA07}"
EndProject
Project("{FAE04EC0-301F-11D3-BF4B-00C04F79EFBC}") = "Biblioteca.DTOs", "Biblioteca.DTOs\Biblioteca.DTOs.csproj", "{ED25F5D6-ED17-44D9-BFDC-C349762C6F2B}"
EndProject
Project("{FAE04EC0-301F-11D3-BF4B-00C04F79EFBC}") = "Biblioteca.UI.Desktop", "Biblioteca.UI.Desktop\Biblioteca.UI.Desktop.csproj", "{5E163878-62BB-4FE3-A119-0771E824A4CC}"
EndProject
Project("{FAE04EC0-301F-11D3-BF4B-00C04F79EFBC}") = "Biblioteca.WebAPI", "Biblioteca.WebAPI\Biblioteca.WebAPI.csproj", "{FCEB0697-3E08-4F97-930E-14A41D71E051}"
EndProject
Project("{FAE04EC0-301F-11D3-BF4B-00C04F79EFBC}") = "Biblioteca.API.Clients", "Biblioteca.API.Clients\Biblioteca.API.Clients.csproj", "{3FAD239E-59BA-4BB7-A534-E454F58DAA85}"
EndProject
Project("{FAE04EC0-301F-11D3-BF4B-00C04F79EFBC}") = "Biblioteca.Blazor.Server", "Biblioteca.Blazor.Server\Biblioteca.Blazor.Server.csproj", "{CBE4C321-FEF4-44AC-BFED-121889F618A4}"
EndProject
Project("{FAE04EC0-301F-11D3-BF4B-00C04F79EFBC}") = "Biblioteca.Blazor.WebAssembly", "Biblioteca.Blazor.WebAssembly\Biblioteca.Blazor.WebAssembly.csproj", "{5FA97EA7-9474-4FE4-AC00-5DBB5BC4937C}"
EndProject
Global
	GlobalSection(SolutionConfigurationPlatforms) = preSolution
		Debug|Any CPU = Debug|Any CPU
		Debug|x64 = Debug|x64
		Debug|x86 = Debug|x86
		Release|Any CPU = Release|Any CPU
		Release|x64 = Release|x64
		Release|x86 = Release|x86
	EndGlobalSection
	GlobalSection(ProjectConfigurationPlatforms) = postSolution
		{41770127-FB6B-4B09-94FD-6FC8DD5BD092}.Debug|Any CPU.ActiveCfg = Debug|Any CPU
		{41770127-FB6B-4B09-94FD-6FC8DD5BD092}.Debug|Any CPU.Build.0 = Debug|Any CPU
		{41770127-FB6B-4B09-94FD-6FC8DD5BD092}.Debug|x64.ActiveCfg = Debug|Any CPU
		{41770127-FB6B-4B09-94FD-6FC8DD5BD092}.Debug|x64.Build.0 = Debug|Any CPU
		{41770127-FB6B-4B09-94FD-6FC8DD5BD092}.Debug|x86.ActiveCfg = Debug|Any CPU
		{41770127-FB6B-4B09-94FD-6FC8DD5BD092}.Debug|x86.Build.0 = Debug|Any CPU
		{41770127-FB6B-4B09-94FD-6FC8DD5BD092}.Release|Any CPU.ActiveCfg = Release|Any CPU
		{41770127-FB6B-4B09-94FD-6FC8DD5BD092}.Release|Any CPU.Build.0 = Release|Any CPU
		{41770127-FB6B-4B09-94FD-6FC8DD5BD092}.Release|x64.ActiveCfg = Release|Any CPU
		{41770127-FB6B-4B09-94FD-6FC8DD5BD092}.Release|x64.Build.0 = Release|Any CPU
		{41770127-FB6B-4B09-94FD-6FC8DD5BD092}.Release|x86.ActiveCfg = Release|Any CPU
		{41770127-FB6B-4B09-94FD-6FC8DD5BD092}.Release|x86.Build.0 = Release|Any CPU
		{DE59218B-2FA3-458D-AE09-AE1BA8C66089}.Debug|Any CPU.ActiveCfg = Debug|Any CPU
		{DE59218B-2FA3-458D-AE09-AE1BA8C66089}.Debug|Any CPU.Build.0 = Debug|Any CPU
		{DE59218B-2FA3-458D-AE09-AE1BA8C66089}.Debug|x64.ActiveCfg = Debug|Any CPU
		{DE59218B-2FA3-458D-AE09-AE1BA8C66089}.Debug|x64.Build.0 = Debug|Any CPU
		{DE59218B-2FA3-458D-AE09-AE1BA8C66089}.Debug|x86.ActiveCfg = Debug|Any CPU
		{DE59218B-2FA3-458D-AE09-AE1BA8C66089}.Debug|x86.Build.0 = Debug|Any CPU
		{DE59218B-2FA3-458D-AE09-AE1BA8C66089}.Release|Any CPU.ActiveCfg = Release|Any CPU
		{DE59218B-2FA3-458D-AE09-AE1BA8C66089}.Release|Any CPU.Build.0 = Release|Any CPU
		{DE59218B-2FA3-458D-AE09-AE1BA8C66089}.Release|x64.ActiveCfg = Release|Any CPU
		{DE59218B-2FA3-458D-AE09-AE1BA8C66089}.Release|x64.Build.0 = Release|Any CPU
		{DE59218B-2FA3-458D-AE09-AE1BA8C66089}.Release|x86.ActiveCfg = Release|Any CPU
		{DE59218B-2FA3-458D-AE09-AE1BA8C66089}.Release|x86.Build.0 = Release|Any CPU
		{61B57C35-985A-4520-92EB-83A4B211CA07}.Debug|Any CPU.ActiveCfg = Debug|Any CPU
		{61B57C35-985A-4520-92EB-83A4B211CA07}.Debug|Any CPU.Build.0 = Debug|Any CPU
		{61B57C35-985A-4520-92EB-83A4B211CA07}.Debug|x64.ActiveCfg = Debug|Any CPU
		{61B57C35-985A-4520-92EB-83A4B211CA07}.Debug|x64.Build.0 = Debug|Any CPU
		{61B57C35-985A-4520-92EB-83A4B211CA07}.Debug|x86.ActiveCfg = Debug|Any CPU
		{61B57C35-985A-4520-92EB-83A4B211CA07}.Debug|x86.Build.0 = Debug|Any CPU
		{61B57C35-985A-4520-92EB-83A4B211CA07}.Release|Any CPU.ActiveCfg = Release|Any CPU
		{61B57C35-985A-4520-92EB-83A4B211CA07}.Release|Any CPU.Build.0 = Release|Any CPU
		{61B57C35-985A-4520-92EB-83A4B211CA07}.Release|x64.ActiveCfg = Release|Any CPU
		{61B57C35-985A-4520-92EB-83A4B211CA07}.Release|x64.Build.0 = Release|Any CPU
		{61B57C35-985A-4520-92EB-83A4B211CA07}.Release|x86.ActiveCfg = Release|Any CPU
		{61B57C35-985A-4520-92EB-83A4B211CA07}.Release|x86.Build.0 = Release|Any CPU
		{ED25F5D6-ED17-44D9-BFDC-C349762C6F2B}.Debug|Any CPU.ActiveCfg = Debug|Any CPU
		{ED25F5D6-ED17-44D9-BFDC-C349762C6F2B}.Debug|Any CPU.Build.0 = Debug|Any CPU
		{ED25F5D6-ED17-44D9-BFDC-C349762C6F2B}.Debug|x64.ActiveCfg = Debug|Any CPU
		{ED25F5D6-ED17-44D9-BFDC-C349762C6F2B}.Debug|x64.Build.0 = Debug|Any CPU
		{ED25F5D6-ED17-44D9-BFDC-C349762C6F2B}.Debug|x86.ActiveCfg = Debug|Any CPU
		{ED25F5D6-ED17-44D9-BFDC-C349762C6F2B}.Debug|x86.Build.0 = Debug|Any CPU
		{ED25F5D6-ED17-44D9-BFDC-C349762C6F2B}.Release|Any CPU.ActiveCfg = Release|Any CPU
		{ED25F5D6-ED17-44D9-BFDC-C349762C6F2B}.Release|Any CPU.Build.0 = Release|Any CPU
		{ED25F5D6-ED17-44D9-BFDC-C349762C6F2B}.Release|x64.ActiveCfg = Release|Any CPU
		{ED25F5D6-ED17-44D9-BFDC-C349762C6F2B}.Release|x64.Build.0 = Release|Any CPU
		{ED25F5D6-ED17-44D9-BFDC-C349762C6F2B}.Release|x86.ActiveCfg = Release|Any CPU
		{ED25F5D6-ED17-44D9-BFDC-C349762C6F2B}.Release|x86.Build.0 = Release|Any CPU
		{5E163878-62BB-4FE3-A119-0771E824A4CC}.Debug|Any CPU.ActiveCfg = Debug|Any CPU
		{5E163878-62BB-4FE3-A119-0771E824A4CC}.Debug|Any CPU.Build.0 = Debug|Any CPU
		{5E163878-62BB-4FE3-A119-0771E824A4CC}.Debug|x64.ActiveCfg = Debug|Any CPU
		{5E163878-62BB-4FE3-A119-0771E824A4CC}.Debug|x64.Build.0 = Debug|Any CPU
		{5E163878-62BB-4FE3-A119-0771E824A4CC}.Debug|x86.ActiveCfg = Debug|Any CPU
		{5E163878-62BB-4FE3-A119-0771E824A4CC}.Debug|x86.Build.0 = Debug|Any CPU
		{5E163878-62BB-4FE3-A119-0771E824A4CC}.Release|Any CPU.ActiveCfg = Release|Any CPU
		{5E163878-62BB-4FE3-A119-0771E824A4CC}.Release|Any CPU.Build.0 = Release|Any CPU
		{5E163878-62BB-4FE3-A119-0771E824A4CC}.Release|x64.ActiveCfg = Release|Any CPU
		{5E163878-62BB-4FE3-A119-0771E824A4CC}.Release|x64.Build.0 = Release|Any CPU
		{5E163878-62BB-4FE3-A119-0771E824A4CC}.Release|x86.ActiveCfg = Release|Any CPU
		{5E163878-62BB-4FE3-A119-0771E824A4CC}.Release|x86.Build.0 = Release|Any CPU
		{FCEB0697-3E08-4F97-930E-14A41D71E051}.Debug|Any CPU.ActiveCfg = Debug|Any CPU
		{FCEB0697-3E08-4F97-930E-14A41D71E051}.Debug|Any CPU.Build.0 = Debug|Any CPU
		{FCEB0697-3E08-4F97-930E-14A41D71E051}.Debug|x64.ActiveCfg = Debug|Any CPU
		{FCEB0697-3E08-4F97-930E-14A41D71E051}.Debug|x64.Build.0 = Debug|Any CPU
		{FCEB0697-3E08-4F97-930E-14A41D71E051}.Debug|x86.ActiveCfg = Debug|Any CPU
		{FCEB0697-3E08-4F97-930E-14A41D71E051}.Debug|x86.Build.0 = Debug|Any CPU
		{FCEB0697-3E08-4F97-930E-14A41D71E051}.Release|Any CPU.ActiveCfg = Release|Any CPU
		{FCEB0697-3E08-4F97-930E-14A41D71E051}.Release|Any CPU.Build.0 = Release|Any CPU
		{FCEB0697-3E08-4F97-930E-14A41D71E051}.Release|x64.ActiveCfg = Release|Any CPU
		{FCEB0697-3E08-4F97-930E-14A41D71E051}.Release|x64.Build.0 = Release|Any CPU
		{FCEB0697-3E08-4F97-930E-14A41D71E051}.Release|x86.ActiveCfg = Release|Any CPU
		{FCEB0697-3E08-4F97-930E-14A41D71E051}.Release|x86.Build.0 = Release|Any CPU
		{3FAD239E-59BA-4BB7-A534-E454F58DAA85}.Debug|Any CPU.ActiveCfg = Debug|Any CPU
		{3FAD239E-59BA-4BB7-A534-E454F58DAA85}.Debug|Any CPU.Build.0 = Debug|Any CPU
		{3FAD239E-59BA-4BB7-A534-E454F58DAA85}.Debug|x64.ActiveCfg = Debug|Any CPU
		{3FAD239E-59BA-4BB7-A534-E454F58DAA85}.Debug|x64.Build.0 = Debug|Any CPU
		{3FAD239E-59BA-4BB7-A534-E454F58DAA85}.Debug|x86.ActiveCfg = Debug|Any CPU
		{3FAD239E-59BA-4BB7-A534-E454F58DAA85}.Debug|x86.Build.0 = Debug|Any CPU
		{3FAD239E-59BA-4BB7-A534-E454F58DAA85}.Release|Any CPU.ActiveCfg = Release|Any CPU
		{3FAD239E-59BA-4BB7-A534-E454F58DAA85}.Release|Any CPU.Build.0 = Release|Any CPU
		{3FAD239E-59BA-4BB7-A534-E454F58DAA85}.Release|x64.ActiveCfg = Release|Any CPU
		{3FAD239E-59BA-4BB7-A534-E454F58DAA85}.Release|x64.Build.0 = Release|Any CPU
		{3FAD239E-59BA-4BB7-A534-E454F58DAA85}.Release|x86.ActiveCfg = Release|Any CPU
		{3FAD239E-59BA-4BB7-A534-E454F58DAA85}.Release|x86.Build.0 = Release|Any CPU
		{CBE4C321-FEF4-44AC-BFED-121889F618A4}.Debug|Any CPU.ActiveCfg = Debug|Any CPU
		{CBE4C321-FEF4-44AC-BFED-121889F618A4}.Debug|Any CPU.Build.0 = Debug|Any CPU
		{CBE4C321-FEF4-44AC-BFED-121889F618A4}.Debug|x64.ActiveCfg = Debug|Any CPU
		{CBE4C321-FEF4-44AC-BFED-121889F618A4}.Debug|x64.Build.0 = Debug|Any CPU
		{CBE4C321-FEF4-44AC-BFED-121889F618A4}.Debug|x86.ActiveCfg = Debug|Any CPU
		{CBE4C321-FEF4-44AC-BFED-121889F618A4}.Debug|x86.Build.0 = Debug|Any CPU
		{CBE4C321-FEF4-44AC-BFED-121889F618A4}.Release|Any CPU.ActiveCfg = Release|Any CPU
		{CBE4C321-FEF4-44AC-BFED-121889F618A4}.Release|Any CPU.Build.0 = Release|Any CPU
		{CBE4C321-FEF4-44AC-BFED-121889F618A4}.Release|x64.ActiveCfg = Release|Any CPU
		{CBE4C321-FEF4-44AC-BFED-121889F618A4}.Release|x64.Build.0 = Release|Any CPU
		{CBE4C321-FEF4-44AC-BFED-121889F618A4}.Release|x86.ActiveCfg = Release|Any CPU
		{CBE4C321-FEF4-44AC-BFED-121889F618A4}.Release|x86.Build.0 = Release|Any CPU
		{5FA97EA7-9474-4FE4-AC00-5DBB5BC4937C}.Debug|Any CPU.ActiveCfg = Debug|Any CPU
		{5FA97EA7-9474-4FE4-AC00-5DBB5BC4937C}.Debug|Any CPU.Build.0 = Debug|Any CPU
		{5FA97EA7-9474-4FE4-AC00-5DBB5BC4937C}.Debug|x64.ActiveCfg = Debug|Any CPU
		{5FA97EA7-9474-4FE4-AC00-5DBB5BC4937C}.Debug|x64.Build.0 = Debug|Any CPU
		{5FA97EA7-9474-4FE4-AC00-5DBB5BC4937C}.Debug|x86.ActiveCfg = Debug|Any CPU
		{5FA97EA7-9474-4FE4-AC00-5DBB5BC4937C}.Debug|x86.Build.0 = Debug|Any CPU
		{5FA97EA7-9474-4FE4-AC00-5DBB5BC4937C}.Release|Any CPU.ActiveCfg = Release|Any CPU
		{5FA97EA7-9474-4FE4-AC00-5DBB5BC4937C}.Release|Any CPU.Build.0 = Release|Any CPU
		{5FA97EA7-9474-4FE4-AC00-5DBB5BC4937C}.Release|x64.ActiveCfg = Release|Any CPU
		{5FA97EA7-9474-4FE4-AC00-5DBB5BC4937C}.Release|x64.Build.0 = Release|Any CPU
		{5FA97EA7-9474-4FE4-AC00-5DBB5BC4937C}.Release|x86.ActiveCfg = Release|Any CPU
		{5FA97EA7-9474-4FE4-AC00-5DBB5BC4937C}.Release|x86.Build.0 = Release|Any CPU
	EndGlobalSection
	GlobalSection(SolutionProperties) = preSolution
		HideSolutionNode = FALSE
	EndGlobalSection
	GlobalSection(ExtensibilityGlobals) = postSolution
		SolutionGuid = {B643B2BC-54C3-410A-BCDE-C2A36E0BB6B5}
	EndGlobalSection
EndGlobal
